
Microsoft Visual Studio Solution File, Format Version 12.00
# Visual Studio 14
VisualStudioVersion = 14.0.25123.0
MinimumVisualStudioVersion = 10.0.40219.1
Project("{FAE04EC0-301F-11D3-BF4B-00C04F79EFBC}") = "FluDetect.Droid", "FluDetect\FluDetect.Droid\FluDetect.Droid.csproj", "{69311BFA-B5F1-4A6F-AA65-53D65845BBCC}"
EndProject
Project("{FAE04EC0-301F-11D3-BF4B-00C04F79EFBC}") = "FluDetect.iOS", "FluDetect\FluDetect.iOS\FluDetect.iOS.csproj", "{0F2DA641-5B41-4B3B-A1F2-BFC7B863CD9C}"
EndProject
Project("{FAE04EC0-301F-11D3-BF4B-00C04F79EFBC}") = "FluDetect.WinPhone", "FluDetect\FluDetect.WinPhone\FluDetect.WinPhone.csproj", "{2DB4BA96-1E9A-4ED5-BBC7-F05F87B27140}"
EndProject
Project("{FAE04EC0-301F-11D3-BF4B-00C04F79EFBC}") = "FluDetect.UWP", "FluDetect\FluDetect.UWP\FluDetect.UWP.csproj", "{02038150-477D-4256-B886-839B40419C27}"
EndProject
Project("{FAE04EC0-301F-11D3-BF4B-00C04F79EFBC}") = "FluDetect.Windows", "FluDetect\FluDetect.Windows\FluDetect.Windows.csproj", "{54094114-7D16-491D-84C7-1B1307B8971F}"
EndProject
Project("{FAE04EC0-301F-11D3-BF4B-00C04F79EFBC}") = "FluDetect", "FluDetect\FluDetect\FluDetect.csproj", "{EA544D43-603B-437A-85BE-85A084574130}"
EndProject
Global
	GlobalSection(SolutionConfigurationPlatforms) = preSolution
		Ad-Hoc|Any CPU = Ad-Hoc|Any CPU
		Ad-Hoc|ARM = Ad-Hoc|ARM
		Ad-Hoc|iPhone = Ad-Hoc|iPhone
		Ad-Hoc|iPhoneSimulator = Ad-Hoc|iPhoneSimulator
		Ad-Hoc|x64 = Ad-Hoc|x64
		Ad-Hoc|x86 = Ad-Hoc|x86
		AppStore|Any CPU = AppStore|Any CPU
		AppStore|ARM = AppStore|ARM
		AppStore|iPhone = AppStore|iPhone
		AppStore|iPhoneSimulator = AppStore|iPhoneSimulator
		AppStore|x64 = AppStore|x64
		AppStore|x86 = AppStore|x86
		Debug|Any CPU = Debug|Any CPU
		Debug|ARM = Debug|ARM
		Debug|iPhone = Debug|iPhone
		Debug|iPhoneSimulator = Debug|iPhoneSimulator
		Debug|x64 = Debug|x64
		Debug|x86 = Debug|x86
		Release|Any CPU = Release|Any CPU
		Release|ARM = Release|ARM
		Release|iPhone = Release|iPhone
		Release|iPhoneSimulator = Release|iPhoneSimulator
		Release|x64 = Release|x64
		Release|x86 = Release|x86
	EndGlobalSection
	GlobalSection(ProjectConfigurationPlatforms) = postSolution
		{69311BFA-B5F1-4A6F-AA65-53D65845BBCC}.Ad-Hoc|Any CPU.ActiveCfg = Release|Any CPU
		{69311BFA-B5F1-4A6F-AA65-53D65845BBCC}.Ad-Hoc|Any CPU.Build.0 = Release|Any CPU
		{69311BFA-B5F1-4A6F-AA65-53D65845BBCC}.Ad-Hoc|Any CPU.Deploy.0 = Release|Any CPU
		{69311BFA-B5F1-4A6F-AA65-53D65845BBCC}.Ad-Hoc|ARM.ActiveCfg = Release|Any CPU
		{69311BFA-B5F1-4A6F-AA65-53D65845BBCC}.Ad-Hoc|ARM.Build.0 = Release|Any CPU
		{69311BFA-B5F1-4A6F-AA65-53D65845BBCC}.Ad-Hoc|ARM.Deploy.0 = Release|Any CPU
		{69311BFA-B5F1-4A6F-AA65-53D65845BBCC}.Ad-Hoc|iPhone.ActiveCfg = Release|Any CPU
		{69311BFA-B5F1-4A6F-AA65-53D65845BBCC}.Ad-Hoc|iPhone.Build.0 = Release|Any CPU
		{69311BFA-B5F1-4A6F-AA65-53D65845BBCC}.Ad-Hoc|iPhone.Deploy.0 = Release|Any CPU
		{69311BFA-B5F1-4A6F-AA65-53D65845BBCC}.Ad-Hoc|iPhoneSimulator.ActiveCfg = Release|Any CPU
		{69311BFA-B5F1-4A6F-AA65-53D65845BBCC}.Ad-Hoc|iPhoneSimulator.Build.0 = Release|Any CPU
		{69311BFA-B5F1-4A6F-AA65-53D65845BBCC}.Ad-Hoc|iPhoneSimulator.Deploy.0 = Release|Any CPU
		{69311BFA-B5F1-4A6F-AA65-53D65845BBCC}.Ad-Hoc|x64.ActiveCfg = Release|Any CPU
		{69311BFA-B5F1-4A6F-AA65-53D65845BBCC}.Ad-Hoc|x64.Build.0 = Release|Any CPU
		{69311BFA-B5F1-4A6F-AA65-53D65845BBCC}.Ad-Hoc|x64.Deploy.0 = Release|Any CPU
		{69311BFA-B5F1-4A6F-AA65-53D65845BBCC}.Ad-Hoc|x86.ActiveCfg = Release|Any CPU
		{69311BFA-B5F1-4A6F-AA65-53D65845BBCC}.Ad-Hoc|x86.Build.0 = Release|Any CPU
		{69311BFA-B5F1-4A6F-AA65-53D65845BBCC}.Ad-Hoc|x86.Deploy.0 = Release|Any CPU
		{69311BFA-B5F1-4A6F-AA65-53D65845BBCC}.AppStore|Any CPU.ActiveCfg = Release|Any CPU
		{69311BFA-B5F1-4A6F-AA65-53D65845BBCC}.AppStore|Any CPU.Build.0 = Release|Any CPU
		{69311BFA-B5F1-4A6F-AA65-53D65845BBCC}.AppStore|Any CPU.Deploy.0 = Release|Any CPU
		{69311BFA-B5F1-4A6F-AA65-53D65845BBCC}.AppStore|ARM.ActiveCfg = Release|Any CPU
		{69311BFA-B5F1-4A6F-AA65-53D65845BBCC}.AppStore|ARM.Build.0 = Release|Any CPU
		{69311BFA-B5F1-4A6F-AA65-53D65845BBCC}.AppStore|ARM.Deploy.0 = Release|Any CPU
		{69311BFA-B5F1-4A6F-AA65-53D65845BBCC}.AppStore|iPhone.ActiveCfg = Release|Any CPU
		{69311BFA-B5F1-4A6F-AA65-53D65845BBCC}.AppStore|iPhone.Build.0 = Release|Any CPU
		{69311BFA-B5F1-4A6F-AA65-53D65845BBCC}.AppStore|iPhone.Deploy.0 = Release|Any CPU
		{69311BFA-B5F1-4A6F-AA65-53D65845BBCC}.AppStore|iPhoneSimulator.ActiveCfg = Release|Any CPU
		{69311BFA-B5F1-4A6F-AA65-53D65845BBCC}.AppStore|iPhoneSimulator.Build.0 = Release|Any CPU
		{69311BFA-B5F1-4A6F-AA65-53D65845BBCC}.AppStore|iPhoneSimulator.Deploy.0 = Release|Any CPU
		{69311BFA-B5F1-4A6F-AA65-53D65845BBCC}.AppStore|x64.ActiveCfg = Release|Any CPU
		{69311BFA-B5F1-4A6F-AA65-53D65845BBCC}.AppStore|x64.Build.0 = Release|Any CPU
		{69311BFA-B5F1-4A6F-AA65-53D65845BBCC}.AppStore|x64.Deploy.0 = Release|Any CPU
		{69311BFA-B5F1-4A6F-AA65-53D65845BBCC}.AppStore|x86.ActiveCfg = Release|Any CPU
		{69311BFA-B5F1-4A6F-AA65-53D65845BBCC}.AppStore|x86.Build.0 = Release|Any CPU
		{69311BFA-B5F1-4A6F-AA65-53D65845BBCC}.AppStore|x86.Deploy.0 = Release|Any CPU
		{69311BFA-B5F1-4A6F-AA65-53D65845BBCC}.Debug|Any CPU.ActiveCfg = Debug|Any CPU
		{69311BFA-B5F1-4A6F-AA65-53D65845BBCC}.Debug|Any CPU.Build.0 = Debug|Any CPU
		{69311BFA-B5F1-4A6F-AA65-53D65845BBCC}.Debug|Any CPU.Deploy.0 = Debug|Any CPU
		{69311BFA-B5F1-4A6F-AA65-53D65845BBCC}.Debug|ARM.ActiveCfg = Debug|Any CPU
		{69311BFA-B5F1-4A6F-AA65-53D65845BBCC}.Debug|ARM.Build.0 = Debug|Any CPU
		{69311BFA-B5F1-4A6F-AA65-53D65845BBCC}.Debug|ARM.Deploy.0 = Debug|Any CPU
		{69311BFA-B5F1-4A6F-AA65-53D65845BBCC}.Debug|iPhone.ActiveCfg = Debug|Any CPU
		{69311BFA-B5F1-4A6F-AA65-53D65845BBCC}.Debug|iPhone.Build.0 = Debug|Any CPU
		{69311BFA-B5F1-4A6F-AA65-53D65845BBCC}.Debug|iPhone.Deploy.0 = Debug|Any CPU
		{69311BFA-B5F1-4A6F-AA65-53D65845BBCC}.Debug|iPhoneSimulator.ActiveCfg = Debug|Any CPU
		{69311BFA-B5F1-4A6F-AA65-53D65845BBCC}.Debug|iPhoneSimulator.Build.0 = Debug|Any CPU
		{69311BFA-B5F1-4A6F-AA65-53D65845BBCC}.Debug|iPhoneSimulator.Deploy.0 = Debug|Any CPU
		{69311BFA-B5F1-4A6F-AA65-53D65845BBCC}.Debug|x64.ActiveCfg = Debug|Any CPU
		{69311BFA-B5F1-4A6F-AA65-53D65845BBCC}.Debug|x64.Build.0 = Debug|Any CPU
		{69311BFA-B5F1-4A6F-AA65-53D65845BBCC}.Debug|x64.Deploy.0 = Debug|Any CPU
		{69311BFA-B5F1-4A6F-AA65-53D65845BBCC}.Debug|x86.ActiveCfg = Debug|Any CPU
		{69311BFA-B5F1-4A6F-AA65-53D65845BBCC}.Debug|x86.Build.0 = Debug|Any CPU
		{69311BFA-B5F1-4A6F-AA65-53D65845BBCC}.Debug|x86.Deploy.0 = Debug|Any CPU
		{69311BFA-B5F1-4A6F-AA65-53D65845BBCC}.Release|Any CPU.ActiveCfg = Release|Any CPU
		{69311BFA-B5F1-4A6F-AA65-53D65845BBCC}.Release|Any CPU.Build.0 = Release|Any CPU
		{69311BFA-B5F1-4A6F-AA65-53D65845BBCC}.Release|Any CPU.Deploy.0 = Release|Any CPU
		{69311BFA-B5F1-4A6F-AA65-53D65845BBCC}.Release|ARM.ActiveCfg = Release|Any CPU
		{69311BFA-B5F1-4A6F-AA65-53D65845BBCC}.Release|ARM.Build.0 = Release|Any CPU
		{69311BFA-B5F1-4A6F-AA65-53D65845BBCC}.Release|ARM.Deploy.0 = Release|Any CPU
		{69311BFA-B5F1-4A6F-AA65-53D65845BBCC}.Release|iPhone.ActiveCfg = Release|Any CPU
		{69311BFA-B5F1-4A6F-AA65-53D65845BBCC}.Release|iPhone.Build.0 = Release|Any CPU
		{69311BFA-B5F1-4A6F-AA65-53D65845BBCC}.Release|iPhone.Deploy.0 = Release|Any CPU
		{69311BFA-B5F1-4A6F-AA65-53D65845BBCC}.Release|iPhoneSimulator.ActiveCfg = Release|Any CPU
		{69311BFA-B5F1-4A6F-AA65-53D65845BBCC}.Release|iPhoneSimulator.Build.0 = Release|Any CPU
		{69311BFA-B5F1-4A6F-AA65-53D65845BBCC}.Release|iPhoneSimulator.Deploy.0 = Release|Any CPU
		{69311BFA-B5F1-4A6F-AA65-53D65845BBCC}.Release|x64.ActiveCfg = Release|Any CPU
		{69311BFA-B5F1-4A6F-AA65-53D65845BBCC}.Release|x64.Build.0 = Release|Any CPU
		{69311BFA-B5F1-4A6F-AA65-53D65845BBCC}.Release|x64.Deploy.0 = Release|Any CPU
		{69311BFA-B5F1-4A6F-AA65-53D65845BBCC}.Release|x86.ActiveCfg = Release|Any CPU
		{69311BFA-B5F1-4A6F-AA65-53D65845BBCC}.Release|x86.Build.0 = Release|Any CPU
		{69311BFA-B5F1-4A6F-AA65-53D65845BBCC}.Release|x86.Deploy.0 = Release|Any CPU
		{0F2DA641-5B41-4B3B-A1F2-BFC7B863CD9C}.Ad-Hoc|Any CPU.ActiveCfg = Ad-Hoc|iPhone
		{0F2DA641-5B41-4B3B-A1F2-BFC7B863CD9C}.Ad-Hoc|ARM.ActiveCfg = Ad-Hoc|iPhone
		{0F2DA641-5B41-4B3B-A1F2-BFC7B863CD9C}.Ad-Hoc|iPhone.ActiveCfg = Ad-Hoc|iPhone
		{0F2DA641-5B41-4B3B-A1F2-BFC7B863CD9C}.Ad-Hoc|iPhone.Build.0 = Ad-Hoc|iPhone
		{0F2DA641-5B41-4B3B-A1F2-BFC7B863CD9C}.Ad-Hoc|iPhoneSimulator.ActiveCfg = Ad-Hoc|iPhoneSimulator
		{0F2DA641-5B41-4B3B-A1F2-BFC7B863CD9C}.Ad-Hoc|iPhoneSimulator.Build.0 = Ad-Hoc|iPhoneSimulator
		{0F2DA641-5B41-4B3B-A1F2-BFC7B863CD9C}.Ad-Hoc|x64.ActiveCfg = Ad-Hoc|iPhone
		{0F2DA641-5B41-4B3B-A1F2-BFC7B863CD9C}.Ad-Hoc|x86.ActiveCfg = Ad-Hoc|iPhone
		{0F2DA641-5B41-4B3B-A1F2-BFC7B863CD9C}.AppStore|Any CPU.ActiveCfg = AppStore|iPhone
		{0F2DA641-5B41-4B3B-A1F2-BFC7B863CD9C}.AppStore|ARM.ActiveCfg = AppStore|iPhone
		{0F2DA641-5B41-4B3B-A1F2-BFC7B863CD9C}.AppStore|iPhone.ActiveCfg = AppStore|iPhone
		{0F2DA641-5B41-4B3B-A1F2-BFC7B863CD9C}.AppStore|iPhone.Build.0 = AppStore|iPhone
		{0F2DA641-5B41-4B3B-A1F2-BFC7B863CD9C}.AppStore|iPhoneSimulator.ActiveCfg = AppStore|iPhoneSimulator
		{0F2DA641-5B41-4B3B-A1F2-BFC7B863CD9C}.AppStore|iPhoneSimulator.Build.0 = AppStore|iPhoneSimulator
		{0F2DA641-5B41-4B3B-A1F2-BFC7B863CD9C}.AppStore|x64.ActiveCfg = AppStore|iPhone
		{0F2DA641-5B41-4B3B-A1F2-BFC7B863CD9C}.AppStore|x86.ActiveCfg = AppStore|iPhone
		{0F2DA641-5B41-4B3B-A1F2-BFC7B863CD9C}.Debug|Any CPU.ActiveCfg = Debug|iPhone
		{0F2DA641-5B41-4B3B-A1F2-BFC7B863CD9C}.Debug|ARM.ActiveCfg = Debug|iPhone
		{0F2DA641-5B41-4B3B-A1F2-BFC7B863CD9C}.Debug|iPhone.ActiveCfg = Debug|iPhone
		{0F2DA641-5B41-4B3B-A1F2-BFC7B863CD9C}.Debug|iPhone.Build.0 = Debug|iPhone
		{0F2DA641-5B41-4B3B-A1F2-BFC7B863CD9C}.Debug|iPhoneSimulator.ActiveCfg = Debug|iPhoneSimulator
		{0F2DA641-5B41-4B3B-A1F2-BFC7B863CD9C}.Debug|iPhoneSimulator.Build.0 = Debug|iPhoneSimulator
		{0F2DA641-5B41-4B3B-A1F2-BFC7B863CD9C}.Debug|x64.ActiveCfg = Debug|iPhone
		{0F2DA641-5B41-4B3B-A1F2-BFC7B863CD9C}.Debug|x86.ActiveCfg = Debug|iPhone
		{0F2DA641-5B41-4B3B-A1F2-BFC7B863CD9C}.Release|Any CPU.ActiveCfg = Release|iPhone
		{0F2DA641-5B41-4B3B-A1F2-BFC7B863CD9C}.Release|ARM.ActiveCfg = Release|iPhone
		{0F2DA641-5B41-4B3B-A1F2-BFC7B863CD9C}.Release|iPhone.ActiveCfg = Release|iPhone
		{0F2DA641-5B41-4B3B-A1F2-BFC7B863CD9C}.Release|iPhone.Build.0 = Release|iPhone
		{0F2DA641-5B41-4B3B-A1F2-BFC7B863CD9C}.Release|iPhoneSimulator.ActiveCfg = Release|iPhoneSimulator
		{0F2DA641-5B41-4B3B-A1F2-BFC7B863CD9C}.Release|iPhoneSimulator.Build.0 = Release|iPhoneSimulator
		{0F2DA641-5B41-4B3B-A1F2-BFC7B863CD9C}.Release|x64.ActiveCfg = Release|iPhone
		{0F2DA641-5B41-4B3B-A1F2-BFC7B863CD9C}.Release|x86.ActiveCfg = Release|iPhone
		{2DB4BA96-1E9A-4ED5-BBC7-F05F87B27140}.Ad-Hoc|Any CPU.ActiveCfg = Release|Any CPU
		{2DB4BA96-1E9A-4ED5-BBC7-F05F87B27140}.Ad-Hoc|Any CPU.Build.0 = Release|Any CPU
		{2DB4BA96-1E9A-4ED5-BBC7-F05F87B27140}.Ad-Hoc|Any CPU.Deploy.0 = Release|Any CPU
		{2DB4BA96-1E9A-4ED5-BBC7-F05F87B27140}.Ad-Hoc|ARM.ActiveCfg = Release|ARM
		{2DB4BA96-1E9A-4ED5-BBC7-F05F87B27140}.Ad-Hoc|ARM.Build.0 = Release|ARM
		{2DB4BA96-1E9A-4ED5-BBC7-F05F87B27140}.Ad-Hoc|ARM.Deploy.0 = Release|ARM
		{2DB4BA96-1E9A-4ED5-BBC7-F05F87B27140}.Ad-Hoc|iPhone.ActiveCfg = Release|Any CPU
		{2DB4BA96-1E9A-4ED5-BBC7-F05F87B27140}.Ad-Hoc|iPhone.Build.0 = Release|Any CPU
		{2DB4BA96-1E9A-4ED5-BBC7-F05F87B27140}.Ad-Hoc|iPhone.Deploy.0 = Release|Any CPU
		{2DB4BA96-1E9A-4ED5-BBC7-F05F87B27140}.Ad-Hoc|iPhoneSimulator.ActiveCfg = Release|Any CPU
		{2DB4BA96-1E9A-4ED5-BBC7-F05F87B27140}.Ad-Hoc|iPhoneSimulator.Build.0 = Release|Any CPU
		{2DB4BA96-1E9A-4ED5-BBC7-F05F87B27140}.Ad-Hoc|iPhoneSimulator.Deploy.0 = Release|Any CPU
		{2DB4BA96-1E9A-4ED5-BBC7-F05F87B27140}.Ad-Hoc|x64.ActiveCfg = Release|Any CPU
		{2DB4BA96-1E9A-4ED5-BBC7-F05F87B27140}.Ad-Hoc|x64.Build.0 = Release|Any CPU
		{2DB4BA96-1E9A-4ED5-BBC7-F05F87B27140}.Ad-Hoc|x64.Deploy.0 = Release|Any CPU
		{2DB4BA96-1E9A-4ED5-BBC7-F05F87B27140}.Ad-Hoc|x86.ActiveCfg = Release|x86
		{2DB4BA96-1E9A-4ED5-BBC7-F05F87B27140}.Ad-Hoc|x86.Build.0 = Release|x86
		{2DB4BA96-1E9A-4ED5-BBC7-F05F87B27140}.Ad-Hoc|x86.Deploy.0 = Release|x86
		{2DB4BA96-1E9A-4ED5-BBC7-F05F87B27140}.AppStore|Any CPU.ActiveCfg = Release|Any CPU
		{2DB4BA96-1E9A-4ED5-BBC7-F05F87B27140}.AppStore|Any CPU.Build.0 = Release|Any CPU
		{2DB4BA96-1E9A-4ED5-BBC7-F05F87B27140}.AppStore|Any CPU.Deploy.0 = Release|Any CPU
		{2DB4BA96-1E9A-4ED5-BBC7-F05F87B27140}.AppStore|ARM.ActiveCfg = Release|ARM
		{2DB4BA96-1E9A-4ED5-BBC7-F05F87B27140}.AppStore|ARM.Build.0 = Release|ARM
		{2DB4BA96-1E9A-4ED5-BBC7-F05F87B27140}.AppStore|ARM.Deploy.0 = Release|ARM
		{2DB4BA96-1E9A-4ED5-BBC7-F05F87B27140}.AppStore|iPhone.ActiveCfg = Release|Any CPU
		{2DB4BA96-1E9A-4ED5-BBC7-F05F87B27140}.AppStore|iPhone.Build.0 = Release|Any CPU
		{2DB4BA96-1E9A-4ED5-BBC7-F05F87B27140}.AppStore|iPhone.Deploy.0 = Release|Any CPU
		{2DB4BA96-1E9A-4ED5-BBC7-F05F87B27140}.AppStore|iPhoneSimulator.ActiveCfg = Release|Any CPU
		{2DB4BA96-1E9A-4ED5-BBC7-F05F87B27140}.AppStore|iPhoneSimulator.Build.0 = Release|Any CPU
		{2DB4BA96-1E9A-4ED5-BBC7-F05F87B27140}.AppStore|iPhoneSimulator.Deploy.0 = Release|Any CPU
		{2DB4BA96-1E9A-4ED5-BBC7-F05F87B27140}.AppStore|x64.ActiveCfg = Release|Any CPU
		{2DB4BA96-1E9A-4ED5-BBC7-F05F87B27140}.AppStore|x64.Build.0 = Release|Any CPU
		{2DB4BA96-1E9A-4ED5-BBC7-F05F87B27140}.AppStore|x64.Deploy.0 = Release|Any CPU
		{2DB4BA96-1E9A-4ED5-BBC7-F05F87B27140}.AppStore|x86.ActiveCfg = Release|x86
		{2DB4BA96-1E9A-4ED5-BBC7-F05F87B27140}.AppStore|x86.Build.0 = Release|x86
		{2DB4BA96-1E9A-4ED5-BBC7-F05F87B27140}.AppStore|x86.Deploy.0 = Release|x86
		{2DB4BA96-1E9A-4ED5-BBC7-F05F87B27140}.Debug|Any CPU.ActiveCfg = Debug|Any CPU
		{2DB4BA96-1E9A-4ED5-BBC7-F05F87B27140}.Debug|Any CPU.Build.0 = Debug|Any CPU
		{2DB4BA96-1E9A-4ED5-BBC7-F05F87B27140}.Debug|Any CPU.Deploy.0 = Debug|Any CPU
		{2DB4BA96-1E9A-4ED5-BBC7-F05F87B27140}.Debug|ARM.ActiveCfg = Debug|ARM
		{2DB4BA96-1E9A-4ED5-BBC7-F05F87B27140}.Debug|ARM.Build.0 = Debug|ARM
		{2DB4BA96-1E9A-4ED5-BBC7-F05F87B27140}.Debug|ARM.Deploy.0 = Debug|ARM
		{2DB4BA96-1E9A-4ED5-BBC7-F05F87B27140}.Debug|iPhone.ActiveCfg = Debug|Any CPU
		{2DB4BA96-1E9A-4ED5-BBC7-F05F87B27140}.Debug|iPhone.Build.0 = Debug|Any CPU
		{2DB4BA96-1E9A-4ED5-BBC7-F05F87B27140}.Debug|iPhone.Deploy.0 = Debug|Any CPU
		{2DB4BA96-1E9A-4ED5-BBC7-F05F87B27140}.Debug|iPhoneSimulator.ActiveCfg = Debug|Any CPU
		{2DB4BA96-1E9A-4ED5-BBC7-F05F87B27140}.Debug|iPhoneSimulator.Build.0 = Debug|Any CPU
		{2DB4BA96-1E9A-4ED5-BBC7-F05F87B27140}.Debug|iPhoneSimulator.Deploy.0 = Debug|Any CPU
		{2DB4BA96-1E9A-4ED5-BBC7-F05F87B27140}.Debug|x64.ActiveCfg = Debug|Any CPU
		{2DB4BA96-1E9A-4ED5-BBC7-F05F87B27140}.Debug|x64.Build.0 = Debug|Any CPU
		{2DB4BA96-1E9A-4ED5-BBC7-F05F87B27140}.Debug|x64.Deploy.0 = Debug|Any CPU
		{2DB4BA96-1E9A-4ED5-BBC7-F05F87B27140}.Debug|x86.ActiveCfg = Debug|x86
		{2DB4BA96-1E9A-4ED5-BBC7-F05F87B27140}.Debug|x86.Build.0 = Debug|x86
		{2DB4BA96-1E9A-4ED5-BBC7-F05F87B27140}.Debug|x86.Deploy.0 = Debug|x86
		{2DB4BA96-1E9A-4ED5-BBC7-F05F87B27140}.Release|Any CPU.ActiveCfg = Release|Any CPU
		{2DB4BA96-1E9A-4ED5-BBC7-F05F87B27140}.Release|Any CPU.Build.0 = Release|Any CPU
		{2DB4BA96-1E9A-4ED5-BBC7-F05F87B27140}.Release|Any CPU.Deploy.0 = Release|Any CPU
		{2DB4BA96-1E9A-4ED5-BBC7-F05F87B27140}.Release|ARM.ActiveCfg = Release|ARM
		{2DB4BA96-1E9A-4ED5-BBC7-F05F87B27140}.Release|ARM.Build.0 = Release|ARM
		{2DB4BA96-1E9A-4ED5-BBC7-F05F87B27140}.Release|ARM.Deploy.0 = Release|ARM
		{2DB4BA96-1E9A-4ED5-BBC7-F05F87B27140}.Release|iPhone.ActiveCfg = Release|Any CPU
		{2DB4BA96-1E9A-4ED5-BBC7-F05F87B27140}.Release|iPhone.Build.0 = Release|Any CPU
		{2DB4BA96-1E9A-4ED5-BBC7-F05F87B27140}.Release|iPhone.Deploy.0 = Release|Any CPU
		{2DB4BA96-1E9A-4ED5-BBC7-F05F87B27140}.Release|iPhoneSimulator.ActiveCfg = Release|Any CPU
		{2DB4BA96-1E9A-4ED5-BBC7-F05F87B27140}.Release|iPhoneSimulator.Build.0 = Release|Any CPU
		{2DB4BA96-1E9A-4ED5-BBC7-F05F87B27140}.Release|iPhoneSimulator.Deploy.0 = Release|Any CPU
		{2DB4BA96-1E9A-4ED5-BBC7-F05F87B27140}.Release|x64.ActiveCfg = Release|Any CPU
		{2DB4BA96-1E9A-4ED5-BBC7-F05F87B27140}.Release|x64.Build.0 = Release|Any CPU
		{2DB4BA96-1E9A-4ED5-BBC7-F05F87B27140}.Release|x64.Deploy.0 = Release|Any CPU
		{2DB4BA96-1E9A-4ED5-BBC7-F05F87B27140}.Release|x86.ActiveCfg = Release|x86
		{2DB4BA96-1E9A-4ED5-BBC7-F05F87B27140}.Release|x86.Build.0 = Release|x86
		{2DB4BA96-1E9A-4ED5-BBC7-F05F87B27140}.Release|x86.Deploy.0 = Release|x86
		{02038150-477D-4256-B886-839B40419C27}.Ad-Hoc|Any CPU.ActiveCfg = Release|x86
		{02038150-477D-4256-B886-839B40419C27}.Ad-Hoc|Any CPU.Build.0 = Release|x86
		{02038150-477D-4256-B886-839B40419C27}.Ad-Hoc|Any CPU.Deploy.0 = Release|x86
		{02038150-477D-4256-B886-839B40419C27}.Ad-Hoc|ARM.ActiveCfg = Release|ARM
		{02038150-477D-4256-B886-839B40419C27}.Ad-Hoc|ARM.Build.0 = Release|ARM
		{02038150-477D-4256-B886-839B40419C27}.Ad-Hoc|ARM.Deploy.0 = Release|ARM
		{02038150-477D-4256-B886-839B40419C27}.Ad-Hoc|iPhone.ActiveCfg = Release|x86
		{02038150-477D-4256-B886-839B40419C27}.Ad-Hoc|iPhone.Build.0 = Release|x86
		{02038150-477D-4256-B886-839B40419C27}.Ad-Hoc|iPhone.Deploy.0 = Release|x86
		{02038150-477D-4256-B886-839B40419C27}.Ad-Hoc|iPhoneSimulator.ActiveCfg = Release|x86
		{02038150-477D-4256-B886-839B40419C27}.Ad-Hoc|iPhoneSimulator.Build.0 = Release|x86
		{02038150-477D-4256-B886-839B40419C27}.Ad-Hoc|iPhoneSimulator.Deploy.0 = Release|x86
		{02038150-477D-4256-B886-839B40419C27}.Ad-Hoc|x64.ActiveCfg = Release|x64
		{02038150-477D-4256-B886-839B40419C27}.Ad-Hoc|x64.Build.0 = Release|x64
		{02038150-477D-4256-B886-839B40419C27}.Ad-Hoc|x64.Deploy.0 = Release|x64
		{02038150-477D-4256-B886-839B40419C27}.Ad-Hoc|x86.ActiveCfg = Release|x86
		{02038150-477D-4256-B886-839B40419C27}.Ad-Hoc|x86.Build.0 = Release|x86
		{02038150-477D-4256-B886-839B40419C27}.Ad-Hoc|x86.Deploy.0 = Release|x86
		{02038150-477D-4256-B886-839B40419C27}.AppStore|Any CPU.ActiveCfg = Release|x86
		{02038150-477D-4256-B886-839B40419C27}.AppStore|Any CPU.Build.0 = Release|x86
		{02038150-477D-4256-B886-839B40419C27}.AppStore|Any CPU.Deploy.0 = Release|x86
		{02038150-477D-4256-B886-839B40419C27}.AppStore|ARM.ActiveCfg = Release|ARM
		{02038150-477D-4256-B886-839B40419C27}.AppStore|ARM.Build.0 = Release|ARM
		{02038150-477D-4256-B886-839B40419C27}.AppStore|ARM.Deploy.0 = Release|ARM
		{02038150-477D-4256-B886-839B40419C27}.AppStore|iPhone.ActiveCfg = Release|x86
		{02038150-477D-4256-B886-839B40419C27}.AppStore|iPhone.Build.0 = Release|x86
		{02038150-477D-4256-B886-839B40419C27}.AppStore|iPhone.Deploy.0 = Release|x86
		{02038150-477D-4256-B886-839B40419C27}.AppStore|iPhoneSimulator.ActiveCfg = Release|x86
		{02038150-477D-4256-B886-839B40419C27}.AppStore|iPhoneSimulator.Build.0 = Release|x86
		{02038150-477D-4256-B886-839B40419C27}.AppStore|iPhoneSimulator.Deploy.0 = Release|x86
		{02038150-477D-4256-B886-839B40419C27}.AppStore|x64.ActiveCfg = Release|x64
		{02038150-477D-4256-B886-839B40419C27}.AppStore|x64.Build.0 = Release|x64
		{02038150-477D-4256-B886-839B40419C27}.AppStore|x64.Deploy.0 = Release|x64
		{02038150-477D-4256-B886-839B40419C27}.AppStore|x86.ActiveCfg = Release|x86
		{02038150-477D-4256-B886-839B40419C27}.AppStore|x86.Build.0 = Release|x86
		{02038150-477D-4256-B886-839B40419C27}.AppStore|x86.Deploy.0 = Release|x86
		{02038150-477D-4256-B886-839B40419C27}.Debug|Any CPU.ActiveCfg = Debug|x86
		{02038150-477D-4256-B886-839B40419C27}.Debug|ARM.ActiveCfg = Debug|ARM
		{02038150-477D-4256-B886-839B40419C27}.Debug|ARM.Build.0 = Debug|ARM
		{02038150-477D-4256-B886-839B40419C27}.Debug|ARM.Deploy.0 = Debug|ARM
		{02038150-477D-4256-B886-839B40419C27}.Debug|iPhone.ActiveCfg = Debug|x86
		{02038150-477D-4256-B886-839B40419C27}.Debug|iPhoneSimulator.ActiveCfg = Debug|x86
		{02038150-477D-4256-B886-839B40419C27}.Debug|x64.ActiveCfg = Debug|x64
		{02038150-477D-4256-B886-839B40419C27}.Debug|x64.Build.0 = Debug|x64
		{02038150-477D-4256-B886-839B40419C27}.Debug|x64.Deploy.0 = Debug|x64
		{02038150-477D-4256-B886-839B40419C27}.Debug|x86.ActiveCfg = Debug|x86
		{02038150-477D-4256-B886-839B40419C27}.Debug|x86.Build.0 = Debug|x86
		{02038150-477D-4256-B886-839B40419C27}.Debug|x86.Deploy.0 = Debug|x86
		{02038150-477D-4256-B886-839B40419C27}.Release|Any CPU.ActiveCfg = Release|x86
		{02038150-477D-4256-B886-839B40419C27}.Release|ARM.ActiveCfg = Release|ARM
		{02038150-477D-4256-B886-839B40419C27}.Release|ARM.Build.0 = Release|ARM
		{02038150-477D-4256-B886-839B40419C27}.Release|ARM.Deploy.0 = Release|ARM
		{02038150-477D-4256-B886-839B40419C27}.Release|iPhone.ActiveCfg = Release|x86
		{02038150-477D-4256-B886-839B40419C27}.Release|iPhoneSimulator.ActiveCfg = Release|x86
		{02038150-477D-4256-B886-839B40419C27}.Release|x64.ActiveCfg = Release|x64
		{02038150-477D-4256-B886-839B40419C27}.Release|x64.Build.0 = Release|x64
		{02038150-477D-4256-B886-839B40419C27}.Release|x64.Deploy.0 = Release|x64
		{02038150-477D-4256-B886-839B40419C27}.Release|x86.ActiveCfg = Release|x86
		{02038150-477D-4256-B886-839B40419C27}.Release|x86.Build.0 = Release|x86
		{02038150-477D-4256-B886-839B40419C27}.Release|x86.Deploy.0 = Release|x86
		{54094114-7D16-491D-84C7-1B1307B8971F}.Ad-Hoc|Any CPU.ActiveCfg = Release|Any CPU
		{54094114-7D16-491D-84C7-1B1307B8971F}.Ad-Hoc|Any CPU.Build.0 = Release|Any CPU
		{54094114-7D16-491D-84C7-1B1307B8971F}.Ad-Hoc|Any CPU.Deploy.0 = Release|Any CPU
		{54094114-7D16-491D-84C7-1B1307B8971F}.Ad-Hoc|ARM.ActiveCfg = Release|ARM
		{54094114-7D16-491D-84C7-1B1307B8971F}.Ad-Hoc|ARM.Build.0 = Release|ARM
		{54094114-7D16-491D-84C7-1B1307B8971F}.Ad-Hoc|ARM.Deploy.0 = Release|ARM
		{54094114-7D16-491D-84C7-1B1307B8971F}.Ad-Hoc|iPhone.ActiveCfg = Release|Any CPU
		{54094114-7D16-491D-84C7-1B1307B8971F}.Ad-Hoc|iPhone.Build.0 = Release|Any CPU
		{54094114-7D16-491D-84C7-1B1307B8971F}.Ad-Hoc|iPhone.Deploy.0 = Release|Any CPU
		{54094114-7D16-491D-84C7-1B1307B8971F}.Ad-Hoc|iPhoneSimulator.ActiveCfg = Release|Any CPU
		{54094114-7D16-491D-84C7-1B1307B8971F}.Ad-Hoc|iPhoneSimulator.Build.0 = Release|Any CPU
		{54094114-7D16-491D-84C7-1B1307B8971F}.Ad-Hoc|iPhoneSimulator.Deploy.0 = Release|Any CPU
		{54094114-7D16-491D-84C7-1B1307B8971F}.Ad-Hoc|x64.ActiveCfg = Release|x64
		{54094114-7D16-491D-84C7-1B1307B8971F}.Ad-Hoc|x64.Build.0 = Release|x64
		{54094114-7D16-491D-84C7-1B1307B8971F}.Ad-Hoc|x64.Deploy.0 = Release|x64
		{54094114-7D16-491D-84C7-1B1307B8971F}.Ad-Hoc|x86.ActiveCfg = Release|x86
		{54094114-7D16-491D-84C7-1B1307B8971F}.Ad-Hoc|x86.Build.0 = Release|x86
		{54094114-7D16-491D-84C7-1B1307B8971F}.Ad-Hoc|x86.Deploy.0 = Release|x86
		{54094114-7D16-491D-84C7-1B1307B8971F}.AppStore|Any CPU.ActiveCfg = Release|Any CPU
		{54094114-7D16-491D-84C7-1B1307B8971F}.AppStore|Any CPU.Build.0 = Release|Any CPU
		{54094114-7D16-491D-84C7-1B1307B8971F}.AppStore|Any CPU.Deploy.0 = Release|Any CPU
		{54094114-7D16-491D-84C7-1B1307B8971F}.AppStore|ARM.ActiveCfg = Release|ARM
		{54094114-7D16-491D-84C7-1B1307B8971F}.AppStore|ARM.Build.0 = Release|ARM
		{54094114-7D16-491D-84C7-1B1307B8971F}.AppStore|ARM.Deploy.0 = Release|ARM
		{54094114-7D16-491D-84C7-1B1307B8971F}.AppStore|iPhone.ActiveCfg = Release|Any CPU
		{54094114-7D16-491D-84C7-1B1307B8971F}.AppStore|iPhone.Build.0 = Release|Any CPU
		{54094114-7D16-491D-84C7-1B1307B8971F}.AppStore|iPhone.Deploy.0 = Release|Any CPU
		{54094114-7D16-491D-84C7-1B1307B8971F}.AppStore|iPhoneSimulator.ActiveCfg = Release|Any CPU
		{54094114-7D16-491D-84C7-1B1307B8971F}.AppStore|iPhoneSimulator.Build.0 = Release|Any CPU
		{54094114-7D16-491D-84C7-1B1307B8971F}.AppStore|iPhoneSimulator.Deploy.0 = Release|Any CPU
		{54094114-7D16-491D-84C7-1B1307B8971F}.AppStore|x64.ActiveCfg = Release|x64
		{54094114-7D16-491D-84C7-1B1307B8971F}.AppStore|x64.Build.0 = Release|x64
		{54094114-7D16-491D-84C7-1B1307B8971F}.AppStore|x64.Deploy.0 = Release|x64
		{54094114-7D16-491D-84C7-1B1307B8971F}.AppStore|x86.ActiveCfg = Release|x86
		{54094114-7D16-491D-84C7-1B1307B8971F}.AppStore|x86.Build.0 = Release|x86
		{54094114-7D16-491D-84C7-1B1307B8971F}.AppStore|x86.Deploy.0 = Release|x86
		{54094114-7D16-491D-84C7-1B1307B8971F}.Debug|Any CPU.ActiveCfg = Debug|Any CPU
		{54094114-7D16-491D-84C7-1B1307B8971F}.Debug|Any CPU.Build.0 = Debug|Any CPU
		{54094114-7D16-491D-84C7-1B1307B8971F}.Debug|Any CPU.Deploy.0 = Debug|Any CPU
		{54094114-7D16-491D-84C7-1B1307B8971F}.Debug|ARM.ActiveCfg = Debug|ARM
		{54094114-7D16-491D-84C7-1B1307B8971F}.Debug|ARM.Build.0 = Debug|ARM
		{54094114-7D16-491D-84C7-1B1307B8971F}.Debug|ARM.Deploy.0 = Debug|ARM
		{54094114-7D16-491D-84C7-1B1307B8971F}.Debug|iPhone.ActiveCfg = Debug|Any CPU
		{54094114-7D16-491D-84C7-1B1307B8971F}.Debug|iPhone.Build.0 = Debug|Any CPU
		{54094114-7D16-491D-84C7-1B1307B8971F}.Debug|iPhone.Deploy.0 = Debug|Any CPU
		{54094114-7D16-491D-84C7-1B1307B8971F}.Debug|iPhoneSimulator.ActiveCfg = Debug|Any CPU
		{54094114-7D16-491D-84C7-1B1307B8971F}.Debug|iPhoneSimulator.Build.0 = Debug|Any CPU
		{54094114-7D16-491D-84C7-1B1307B8971F}.Debug|iPhoneSimulator.Deploy.0 = Debug|Any CPU
		{54094114-7D16-491D-84C7-1B1307B8971F}.Debug|x64.ActiveCfg = Debug|x64
		{54094114-7D16-491D-84C7-1B1307B8971F}.Debug|x64.Build.0 = Debug|x64
		{54094114-7D16-491D-84C7-1B1307B8971F}.Debug|x64.Deploy.0 = Debug|x64
		{54094114-7D16-491D-84C7-1B1307B8971F}.Debug|x86.ActiveCfg = Debug|x86
		{54094114-7D16-491D-84C7-1B1307B8971F}.Debug|x86.Build.0 = Debug|x86
		{54094114-7D16-491D-84C7-1B1307B8971F}.Debug|x86.Deploy.0 = Debug|x86
		{54094114-7D16-491D-84C7-1B1307B8971F}.Release|Any CPU.ActiveCfg = Release|Any CPU
		{54094114-7D16-491D-84C7-1B1307B8971F}.Release|Any CPU.Build.0 = Release|Any CPU
		{54094114-7D16-491D-84C7-1B1307B8971F}.Release|Any CPU.Deploy.0 = Release|Any CPU
		{54094114-7D16-491D-84C7-1B1307B8971F}.Release|ARM.ActiveCfg = Release|ARM
		{54094114-7D16-491D-84C7-1B1307B8971F}.Release|ARM.Build.0 = Release|ARM
		{54094114-7D16-491D-84C7-1B1307B8971F}.Release|ARM.Deploy.0 = Release|ARM
		{54094114-7D16-491D-84C7-1B1307B8971F}.Release|iPhone.ActiveCfg = Release|Any CPU
		{54094114-7D16-491D-84C7-1B1307B8971F}.Release|iPhone.Build.0 = Release|Any CPU
		{54094114-7D16-491D-84C7-1B1307B8971F}.Release|iPhone.Deploy.0 = Release|Any CPU
		{54094114-7D16-491D-84C7-1B1307B8971F}.Release|iPhoneSimulator.ActiveCfg = Release|Any CPU
		{54094114-7D16-491D-84C7-1B1307B8971F}.Release|iPhoneSimulator.Build.0 = Release|Any CPU
		{54094114-7D16-491D-84C7-1B1307B8971F}.Release|iPhoneSimulator.Deploy.0 = Release|Any CPU
		{54094114-7D16-491D-84C7-1B1307B8971F}.Release|x64.ActiveCfg = Release|x64
		{54094114-7D16-491D-84C7-1B1307B8971F}.Release|x64.Build.0 = Release|x64
		{54094114-7D16-491D-84C7-1B1307B8971F}.Release|x64.Deploy.0 = Release|x64
		{54094114-7D16-491D-84C7-1B1307B8971F}.Release|x86.ActiveCfg = Release|x86
		{54094114-7D16-491D-84C7-1B1307B8971F}.Release|x86.Build.0 = Release|x86
		{54094114-7D16-491D-84C7-1B1307B8971F}.Release|x86.Deploy.0 = Release|x86
		{EA544D43-603B-437A-85BE-85A084574130}.Ad-Hoc|Any CPU.ActiveCfg = Release|Any CPU
		{EA544D43-603B-437A-85BE-85A084574130}.Ad-Hoc|Any CPU.Build.0 = Release|Any CPU
		{EA544D43-603B-437A-85BE-85A084574130}.Ad-Hoc|ARM.ActiveCfg = Release|Any CPU
		{EA544D43-603B-437A-85BE-85A084574130}.Ad-Hoc|ARM.Build.0 = Release|Any CPU
		{EA544D43-603B-437A-85BE-85A084574130}.Ad-Hoc|iPhone.ActiveCfg = Release|Any CPU
		{EA544D43-603B-437A-85BE-85A084574130}.Ad-Hoc|iPhone.Build.0 = Release|Any CPU
		{EA544D43-603B-437A-85BE-85A084574130}.Ad-Hoc|iPhoneSimulator.ActiveCfg = Release|Any CPU
		{EA544D43-603B-437A-85BE-85A084574130}.Ad-Hoc|iPhoneSimulator.Build.0 = Release|Any CPU
		{EA544D43-603B-437A-85BE-85A084574130}.Ad-Hoc|x64.ActiveCfg = Release|Any CPU
		{EA544D43-603B-437A-85BE-85A084574130}.Ad-Hoc|x64.Build.0 = Release|Any CPU
		{EA544D43-603B-437A-85BE-85A084574130}.Ad-Hoc|x86.ActiveCfg = Release|Any CPU
		{EA544D43-603B-437A-85BE-85A084574130}.Ad-Hoc|x86.Build.0 = Release|Any CPU
		{EA544D43-603B-437A-85BE-85A084574130}.AppStore|Any CPU.ActiveCfg = Release|Any CPU
		{EA544D43-603B-437A-85BE-85A084574130}.AppStore|Any CPU.Build.0 = Release|Any CPU
		{EA544D43-603B-437A-85BE-85A084574130}.AppStore|ARM.ActiveCfg = Release|Any CPU
		{EA544D43-603B-437A-85BE-85A084574130}.AppStore|ARM.Build.0 = Release|Any CPU
		{EA544D43-603B-437A-85BE-85A084574130}.AppStore|iPhone.ActiveCfg = Release|Any CPU
		{EA544D43-603B-437A-85BE-85A084574130}.AppStore|iPhone.Build.0 = Release|Any CPU
		{EA544D43-603B-437A-85BE-85A084574130}.AppStore|iPhoneSimulator.ActiveCfg = Release|Any CPU
		{EA544D43-603B-437A-85BE-85A084574130}.AppStore|iPhoneSimulator.Build.0 = Release|Any CPU
		{EA544D43-603B-437A-85BE-85A084574130}.AppStore|x64.ActiveCfg = Release|Any CPU
		{EA544D43-603B-437A-85BE-85A084574130}.AppStore|x64.Build.0 = Release|Any CPU
		{EA544D43-603B-437A-85BE-85A084574130}.AppStore|x86.ActiveCfg = Release|Any CPU
		{EA544D43-603B-437A-85BE-85A084574130}.AppStore|x86.Build.0 = Release|Any CPU
		{EA544D43-603B-437A-85BE-85A084574130}.Debug|Any CPU.ActiveCfg = Debug|Any CPU
		{EA544D43-603B-437A-85BE-85A084574130}.Debug|Any CPU.Build.0 = Debug|Any CPU
		{EA544D43-603B-437A-85BE-85A084574130}.Debug|ARM.ActiveCfg = Debug|Any CPU
		{EA544D43-603B-437A-85BE-85A084574130}.Debug|ARM.Build.0 = Debug|Any CPU
		{EA544D43-603B-437A-85BE-85A084574130}.Debug|iPhone.ActiveCfg = Debug|Any CPU
		{EA544D43-603B-437A-85BE-85A084574130}.Debug|iPhone.Build.0 = Debug|Any CPU
		{EA544D43-603B-437A-85BE-85A084574130}.Debug|iPhoneSimulator.ActiveCfg = Debug|Any CPU
		{EA544D43-603B-437A-85BE-85A084574130}.Debug|iPhoneSimulator.Build.0 = Debug|Any CPU
		{EA544D43-603B-437A-85BE-85A084574130}.Debug|x64.ActiveCfg = Debug|Any CPU
		{EA544D43-603B-437A-85BE-85A084574130}.Debug|x64.Build.0 = Debug|Any CPU
		{EA544D43-603B-437A-85BE-85A084574130}.Debug|x86.ActiveCfg = Debug|Any CPU
		{EA544D43-603B-437A-85BE-85A084574130}.Debug|x86.Build.0 = Debug|Any CPU
		{EA544D43-603B-437A-85BE-85A084574130}.Release|Any CPU.ActiveCfg = Release|Any CPU
		{EA544D43-603B-437A-85BE-85A084574130}.Release|Any CPU.Build.0 = Release|Any CPU
		{EA544D43-603B-437A-85BE-85A084574130}.Release|ARM.ActiveCfg = Release|Any CPU
		{EA544D43-603B-437A-85BE-85A084574130}.Release|ARM.Build.0 = Release|Any CPU
		{EA544D43-603B-437A-85BE-85A084574130}.Release|iPhone.ActiveCfg = Release|Any CPU
		{EA544D43-603B-437A-85BE-85A084574130}.Release|iPhone.Build.0 = Release|Any CPU
		{EA544D43-603B-437A-85BE-85A084574130}.Release|iPhoneSimulator.ActiveCfg = Release|Any CPU
		{EA544D43-603B-437A-85BE-85A084574130}.Release|iPhoneSimulator.Build.0 = Release|Any CPU
		{EA544D43-603B-437A-85BE-85A084574130}.Release|x64.ActiveCfg = Release|Any CPU
		{EA544D43-603B-437A-85BE-85A084574130}.Release|x64.Build.0 = Release|Any CPU
		{EA544D43-603B-437A-85BE-85A084574130}.Release|x86.ActiveCfg = Release|Any CPU
		{EA544D43-603B-437A-85BE-85A084574130}.Release|x86.Build.0 = Release|Any CPU
	EndGlobalSection
	GlobalSection(SolutionProperties) = preSolution
		HideSolutionNode = FALSE
	EndGlobalSection
EndGlobal
